
Microsoft Visual Studio Solution File, Format Version 12.00
# Visual Studio 2012
Project("{FAE04EC0-301F-11D3-BF4B-00C04F79EFBC}") = "SignatureApplication", "SignatureApplication\SignatureApplication.csproj", "{D432A31B-AFBC-44CC-8A96-3F6AB0D6DDD3}"
EndProject
Project("{FAE04EC0-301F-11D3-BF4B-00C04F79EFBC}") = "SignatureApplication.iOS", "iOS\SignatureApplication.iOS.csproj", "{A8E50A1B-9380-4C85-BED9-8C648FC5D8F9}"
EndProject
Project("{FAE04EC0-301F-11D3-BF4B-00C04F79EFBC}") = "SignatureApplication.Droid", "Droid\SignatureApplication.Droid.csproj", "{F499BD72-7848-41F7-98C6-08542E10E23D}"
EndProject
Global
	GlobalSection(SolutionConfigurationPlatforms) = preSolution
		Debug|Any CPU = Debug|Any CPU
		Release|Any CPU = Release|Any CPU
		Debug|iPhoneSimulator = Debug|iPhoneSimulator
		Release|iPhone = Release|iPhone
		Release|iPhoneSimulator = Release|iPhoneSimulator
		Debug|iPhone = Debug|iPhone
	EndGlobalSection
	GlobalSection(ProjectConfigurationPlatforms) = postSolution
		{D432A31B-AFBC-44CC-8A96-3F6AB0D6DDD3}.Debug|Any CPU.ActiveCfg = Debug|Any CPU
		{D432A31B-AFBC-44CC-8A96-3F6AB0D6DDD3}.Debug|Any CPU.Build.0 = Debug|Any CPU
		{D432A31B-AFBC-44CC-8A96-3F6AB0D6DDD3}.Release|Any CPU.ActiveCfg = Release|Any CPU
		{D432A31B-AFBC-44CC-8A96-3F6AB0D6DDD3}.Release|Any CPU.Build.0 = Release|Any CPU
		{D432A31B-AFBC-44CC-8A96-3F6AB0D6DDD3}.Debug|iPhoneSimulator.ActiveCfg = Debug|Any CPU
		{D432A31B-AFBC-44CC-8A96-3F6AB0D6DDD3}.Debug|iPhoneSimulator.Build.0 = Debug|Any CPU
		{D432A31B-AFBC-44CC-8A96-3F6AB0D6DDD3}.Release|iPhone.ActiveCfg = Release|Any CPU
		{D432A31B-AFBC-44CC-8A96-3F6AB0D6DDD3}.Release|iPhone.Build.0 = Release|Any CPU
		{D432A31B-AFBC-44CC-8A96-3F6AB0D6DDD3}.Release|iPhoneSimulator.ActiveCfg = Release|Any CPU
		{D432A31B-AFBC-44CC-8A96-3F6AB0D6DDD3}.Release|iPhoneSimulator.Build.0 = Release|Any CPU
		{D432A31B-AFBC-44CC-8A96-3F6AB0D6DDD3}.Debug|iPhone.ActiveCfg = Debug|Any CPU
		{D432A31B-AFBC-44CC-8A96-3F6AB0D6DDD3}.Debug|iPhone.Build.0 = Debug|Any CPU
		{A8E50A1B-9380-4C85-BED9-8C648FC5D8F9}.Debug|Any CPU.ActiveCfg = Debug|iPhoneSimulator
		{A8E50A1B-9380-4C85-BED9-8C648FC5D8F9}.Debug|Any CPU.Build.0 = Debug|iPhoneSimulator
		{A8E50A1B-9380-4C85-BED9-8C648FC5D8F9}.Release|Any CPU.ActiveCfg = Release|iPhone
		{A8E50A1B-9380-4C85-BED9-8C648FC5D8F9}.Release|Any CPU.Build.0 = Release|iPhone
		{A8E50A1B-9380-4C85-BED9-8C648FC5D8F9}.Debug|iPhoneSimulator.ActiveCfg = Debug|iPhoneSimulator
		{A8E50A1B-9380-4C85-BED9-8C648FC5D8F9}.Debug|iPhoneSimulator.Build.0 = Debug|iPhoneSimulator
		{A8E50A1B-9380-4C85-BED9-8C648FC5D8F9}.Release|iPhone.ActiveCfg = Release|iPhone
		{A8E50A1B-9380-4C85-BED9-8C648FC5D8F9}.Release|iPhone.Build.0 = Release|iPhone
		{A8E50A1B-9380-4C85-BED9-8C648FC5D8F9}.Release|iPhoneSimulator.ActiveCfg = Release|iPhoneSimulator
		{A8E50A1B-9380-4C85-BED9-8C648FC5D8F9}.Release|iPhoneSimulator.Build.0 = Release|iPhoneSimulator
		{A8E50A1B-9380-4C85-BED9-8C648FC5D8F9}.Debug|iPhone.ActiveCfg = Debug|iPhone
		{A8E50A1B-9380-4C85-BED9-8C648FC5D8F9}.Debug|iPhone.Build.0 = Debug|iPhone
		{F499BD72-7848-41F7-98C6-08542E10E23D}.Debug|Any CPU.ActiveCfg = Debug|Any CPU
		{F499BD72-7848-41F7-98C6-08542E10E23D}.Debug|Any CPU.Build.0 = Debug|Any CPU
		{F499BD72-7848-41F7-98C6-08542E10E23D}.Release|Any CPU.ActiveCfg = Release|Any CPU
		{F499BD72-7848-41F7-98C6-08542E10E23D}.Release|Any CPU.Build.0 = Release|Any CPU
		{F499BD72-7848-41F7-98C6-08542E10E23D}.Debug|iPhoneSimulator.ActiveCfg = Debug|Any CPU
		{F499BD72-7848-41F7-98C6-08542E10E23D}.Debug|iPhoneSimulator.Build.0 = Debug|Any CPU
		{F499BD72-7848-41F7-98C6-08542E10E23D}.Release|iPhone.ActiveCfg = Release|Any CPU
		{F499BD72-7848-41F7-98C6-08542E10E23D}.Release|iPhone.Build.0 = Release|Any CPU
		{F499BD72-7848-41F7-98C6-08542E10E23D}.Release|iPhoneSimulator.ActiveCfg = Release|Any CPU
		{F499BD72-7848-41F7-98C6-08542E10E23D}.Release|iPhoneSimulator.Build.0 = Release|Any CPU
		{F499BD72-7848-41F7-98C6-08542E10E23D}.Debug|iPhone.ActiveCfg = Debug|Any CPU
		{F499BD72-7848-41F7-98C6-08542E10E23D}.Debug|iPhone.Build.0 = Debug|Any CPU
	EndGlobalSection
EndGlobal
